
Microsoft Visual Studio Solution File, Format Version 12.00
# Visual Studio 15
VisualStudioVersion = 15.0.28010.2019
MinimumVisualStudioVersion = 10.0.40219.1
Project("{FAE04EC0-301F-11D3-BF4B-00C04F79EFBC}") = "testing", "testing\testing.csproj", "{C8219413-414F-4875-A7AE-B30CC7E50986}"
EndProject
Global
	GlobalSection(SolutionConfigurationPlatforms) = preSolution
		Debug|Any CPU = Debug|Any CPU
		Release|Any CPU = Release|Any CPU
	EndGlobalSection
	GlobalSection(ProjectConfigurationPlatforms) = postSolution
		{C8219413-414F-4875-A7AE-B30CC7E50986}.Debug|Any CPU.ActiveCfg = Debug|Any CPU
		{C8219413-414F-4875-A7AE-B30CC7E50986}.Debug|Any CPU.Build.0 = Debug|Any CPU
		{C8219413-414F-4875-A7AE-B30CC7E50986}.Release|Any CPU.ActiveCfg = Release|Any CPU
		{C8219413-414F-4875-A7AE-B30CC7E50986}.Release|Any CPU.Build.0 = Release|Any CPU
	EndGlobalSection
	GlobalSection(SolutionProperties) = preSolution
		HideSolutionNode = FALSE
	EndGlobalSection
	GlobalSection(ExtensibilityGlobals) = postSolution
		SolutionGuid = {0489B50C-D052-463E-A64D-BF26E70D779E}
	EndGlobalSection
EndGlobal
